
Microsoft Visual Studio Solution File, Format Version 12.00
# Visual Studio Version 17
VisualStudioVersion = 17.5.33414.496
MinimumVisualStudioVersion = 10.0.40219.1
Project("{FAE04EC0-301F-11D3-BF4B-00C04F79EFBC}") = "ConsoleApp8", "ConsoleApp8\ConsoleApp8.csproj", "{D12978EA-3C3F-4100-A6A1-EBF6DF71B5CD}"
EndProject
Project("{FAE04EC0-301F-11D3-BF4B-00C04F79EFBC}") = "ConsoleApp8. N3", "ConsoleApp8. N3\ConsoleApp8. N3.csproj", "{37E99FDB-6311-424B-964B-C1F6BE1C359D}"
EndProject
Project("{FAE04EC0-301F-11D3-BF4B-00C04F79EFBC}") = "ConsoleApp8.N4", "ConsoleApp8.N4\ConsoleApp8.N4.csproj", "{D27AC6E3-61F3-46C6-9767-7B3E5EE21D48}"
EndProject
Project("{FAE04EC0-301F-11D3-BF4B-00C04F79EFBC}") = "ConsoleApp8.N5", "ConsoleApp8.N5\ConsoleApp8.N5.csproj", "{BEBD353D-0DB7-4F49-BA9F-52BFC8BD7A62}"
EndProject
Project("{FAE04EC0-301F-11D3-BF4B-00C04F79EFBC}") = "ConsoleApp8N6", "ConsoleApp8N6\ConsoleApp8N6.csproj", "{FAC103F9-F13E-4D35-9A2A-DB11569A8408}"
EndProject
Project("{FAE04EC0-301F-11D3-BF4B-00C04F79EFBC}") = "ConsoleApp8.2", "ConsoleApp8.2\ConsoleApp8.2.csproj", "{C2BEC471-41EF-4850-859D-7A8ED19D560F}"
EndProject
Global
	GlobalSection(SolutionConfigurationPlatforms) = preSolution
		Debug|Any CPU = Debug|Any CPU
		Release|Any CPU = Release|Any CPU
	EndGlobalSection
	GlobalSection(ProjectConfigurationPlatforms) = postSolution
		{D12978EA-3C3F-4100-A6A1-EBF6DF71B5CD}.Debug|Any CPU.ActiveCfg = Debug|Any CPU
		{D12978EA-3C3F-4100-A6A1-EBF6DF71B5CD}.Debug|Any CPU.Build.0 = Debug|Any CPU
		{D12978EA-3C3F-4100-A6A1-EBF6DF71B5CD}.Release|Any CPU.ActiveCfg = Release|Any CPU
		{D12978EA-3C3F-4100-A6A1-EBF6DF71B5CD}.Release|Any CPU.Build.0 = Release|Any CPU
		{37E99FDB-6311-424B-964B-C1F6BE1C359D}.Debug|Any CPU.ActiveCfg = Debug|Any CPU
		{37E99FDB-6311-424B-964B-C1F6BE1C359D}.Debug|Any CPU.Build.0 = Debug|Any CPU
		{37E99FDB-6311-424B-964B-C1F6BE1C359D}.Release|Any CPU.ActiveCfg = Release|Any CPU
		{37E99FDB-6311-424B-964B-C1F6BE1C359D}.Release|Any CPU.Build.0 = Release|Any CPU
		{D27AC6E3-61F3-46C6-9767-7B3E5EE21D48}.Debug|Any CPU.ActiveCfg = Debug|Any CPU
		{D27AC6E3-61F3-46C6-9767-7B3E5EE21D48}.Debug|Any CPU.Build.0 = Debug|Any CPU
		{D27AC6E3-61F3-46C6-9767-7B3E5EE21D48}.Release|Any CPU.ActiveCfg = Release|Any CPU
		{D27AC6E3-61F3-46C6-9767-7B3E5EE21D48}.Release|Any CPU.Build.0 = Release|Any CPU
		{BEBD353D-0DB7-4F49-BA9F-52BFC8BD7A62}.Debug|Any CPU.ActiveCfg = Debug|Any CPU
		{BEBD353D-0DB7-4F49-BA9F-52BFC8BD7A62}.Debug|Any CPU.Build.0 = Debug|Any CPU
		{BEBD353D-0DB7-4F49-BA9F-52BFC8BD7A62}.Release|Any CPU.ActiveCfg = Release|Any CPU
		{BEBD353D-0DB7-4F49-BA9F-52BFC8BD7A62}.Release|Any CPU.Build.0 = Release|Any CPU
		{FAC103F9-F13E-4D35-9A2A-DB11569A8408}.Debug|Any CPU.ActiveCfg = Debug|Any CPU
		{FAC103F9-F13E-4D35-9A2A-DB11569A8408}.Debug|Any CPU.Build.0 = Debug|Any CPU
		{FAC103F9-F13E-4D35-9A2A-DB11569A8408}.Release|Any CPU.ActiveCfg = Release|Any CPU
		{FAC103F9-F13E-4D35-9A2A-DB11569A8408}.Release|Any CPU.Build.0 = Release|Any CPU
		{C2BEC471-41EF-4850-859D-7A8ED19D560F}.Debug|Any CPU.ActiveCfg = Debug|Any CPU
		{C2BEC471-41EF-4850-859D-7A8ED19D560F}.Debug|Any CPU.Build.0 = Debug|Any CPU
		{C2BEC471-41EF-4850-859D-7A8ED19D560F}.Release|Any CPU.ActiveCfg = Release|Any CPU
		{C2BEC471-41EF-4850-859D-7A8ED19D560F}.Release|Any CPU.Build.0 = Release|Any CPU
	EndGlobalSection
	GlobalSection(SolutionProperties) = preSolution
		HideSolutionNode = FALSE
	EndGlobalSection
	GlobalSection(ExtensibilityGlobals) = postSolution
		SolutionGuid = {3E675767-A4D2-4EA0-9A02-BA5E60FD5E29}
	EndGlobalSection
EndGlobal
